
Microsoft Visual Studio Solution File, Format Version 12.00
# Visual Studio Version 17
VisualStudioVersion = 17.5.33516.290
MinimumVisualStudioVersion = 10.0.40219.1
Project("{9A19103F-16F7-4668-BE54-9A1E7A4F7556}") = "ASCII Art Player", "ASCII Art Player.csproj", "{3E8A117B-1B90-400C-AD98-7C7CB454AD59}"
EndProject
Global
	GlobalSection(SolutionConfigurationPlatforms) = preSolution
		Debug|Any CPU = Debug|Any CPU
		Release|Any CPU = Release|Any CPU
	EndGlobalSection
	GlobalSection(ProjectConfigurationPlatforms) = postSolution
		{3E8A117B-1B90-400C-AD98-7C7CB454AD59}.Debug|Any CPU.ActiveCfg = Debug|Any CPU
		{3E8A117B-1B90-400C-AD98-7C7CB454AD59}.Debug|Any CPU.Build.0 = Debug|Any CPU
		{3E8A117B-1B90-400C-AD98-7C7CB454AD59}.Release|Any CPU.ActiveCfg = Release|Any CPU
		{3E8A117B-1B90-400C-AD98-7C7CB454AD59}.Release|Any CPU.Build.0 = Release|Any CPU
	EndGlobalSection
	GlobalSection(SolutionProperties) = preSolution
		HideSolutionNode = FALSE
	EndGlobalSection
	GlobalSection(ExtensibilityGlobals) = postSolution
		SolutionGuid = {90FAE543-801A-4D63-B6BE-0B5D313F6041}
	EndGlobalSection
EndGlobal
